
Microsoft Visual Studio Solution File, Format Version 12.00
# Visual Studio Version 17
VisualStudioVersion = 17.6.33829.357
MinimumVisualStudioVersion = 10.0.40219.1
Project("{8BC9CEB8-8B4A-11D0-8D11-00A0C91BC942}") = "001_format", "001_format\001_format.vcxproj", "{02CCF7B7-9AFE-4150-934D-E817741201CD}"
EndProject
Project("{8BC9CEB8-8B4A-11D0-8D11-00A0C91BC942}") = "002_score", "002_score\002_score.vcxproj", "{4E302095-2C81-4C78-9664-7C6778CFAF39}"
EndProject
Project("{8BC9CEB8-8B4A-11D0-8D11-00A0C91BC942}") = "003_basenumber", "003_진수\003_진수.vcxproj", "{3D7BB2D6-FD6B-4632-8F8C-DE32805D9640}"
EndProject
Project("{8BC9CEB8-8B4A-11D0-8D11-00A0C91BC942}") = "004_variables", "004_variable\004_variable.vcxproj", "{96BA9F54-89B4-4B64-9235-DF42F9B23D99}"
EndProject
Project("{8BC9CEB8-8B4A-11D0-8D11-00A0C91BC942}") = "005_attendence", "005_attendence\005_attendence.vcxproj", "{F73C2377-FA1F-4CC7-AEBA-B2AA10F478FB}"
EndProject
Project("{8BC9CEB8-8B4A-11D0-8D11-00A0C91BC942}") = "006_temperature", "006_temperature\006_temperature.vcxproj", "{27CA22DE-A4A6-4D09-8348-ACAD85840454}"
EndProject
Project("{8BC9CEB8-8B4A-11D0-8D11-00A0C91BC942}") = "008_declare", "008_declare\008_declare.vcxproj", "{B61265F3-6414-4AA8-9D7E-EE386F48DBE9}"
EndProject
Project("{8BC9CEB8-8B4A-11D0-8D11-00A0C91BC942}") = "012_", "012_\012_.vcxproj", "{9C670D61-E611-462E-A79D-3E7E4E83937F}"
EndProject
Project("{8BC9CEB8-8B4A-11D0-8D11-00A0C91BC942}") = "016_F to C", "016_F to C\016_F to C.vcxproj", "{7C661E5F-FE90-4CED-8406-704F1DA2164D}"
EndProject
Project("{8BC9CEB8-8B4A-11D0-8D11-00A0C91BC942}") = "017_Decimal digits", "017_Decimal digits\017_Decimal digits.vcxproj", "{D5E15578-D3D9-4AEA-B82B-5D1BB3911A12}"
EndProject
Project("{8BC9CEB8-8B4A-11D0-8D11-00A0C91BC942}") = "018_sum", "018_sum\018_sum.vcxproj", "{51503E8A-4B6E-4761-B3DB-63E7D9BA9F2E}"
EndProject
Project("{8BC9CEB8-8B4A-11D0-8D11-00A0C91BC942}") = "019_Odd , even sum", "019_Odd , even sum\019_Odd , even sum.vcxproj", "{175BCE37-2CD6-4C10-8A66-F2BAACA851A2}"
EndProject
Project("{8BC9CEB8-8B4A-11D0-8D11-00A0C91BC942}") = "020_Drainage", "020_Drainage\020_Drainage.vcxproj", "{6C918C84-9DD9-4E35-B1EE-7A68A9016B7C}"
EndProject
Project("{8BC9CEB8-8B4A-11D0-8D11-00A0C91BC942}") = "021_number, odd, even sum", "021_number, odd, even sum\021_number, odd, even sum.vcxproj", "{FEB1F9C1-0783-47D4-94C7-1A70B8BD7652}"
EndProject
Project("{8BC9CEB8-8B4A-11D0-8D11-00A0C91BC942}") = "022_multiplication table", "022_multiplication table\022_multiplication table.vcxproj", "{9F783DFA-0A51-4A7A-A097-50B821D5DB23}"
EndProject
Project("{8BC9CEB8-8B4A-11D0-8D11-00A0C91BC942}") = "000_name", "000_name\000_name.vcxproj", "{A789B9AA-C58E-45AA-BAB8-02C679319BE9}"
EndProject
Project("{8BC9CEB8-8B4A-11D0-8D11-00A0C91BC942}") = "000_lop", "000_lop\000_lop.vcxproj", "{09C63F07-EF20-47E1-9BBB-3A12C4D87503}"
EndProject
Project("{8BC9CEB8-8B4A-11D0-8D11-00A0C91BC942}") = "023_multiplication", "023_multiplication\023_multiplication.vcxproj", "{5586C412-6FA2-4ADF-8680-D6DBC909EE85}"
EndProject
Project("{8BC9CEB8-8B4A-11D0-8D11-00A0C91BC942}") = "024_ triangle", "024_ triangle\024_ triangle.vcxproj", "{CF570AB8-F026-4107-AFA1-C5229060D69C}"
EndProject
Project("{8BC9CEB8-8B4A-11D0-8D11-00A0C91BC942}") = "026_numberTriangle", "026_numberTriangle\026_numberTriangle.vcxproj", "{C6EE7A82-498A-4C41-B1E9-537DCE34263F}"
EndProject
Project("{8BC9CEB8-8B4A-11D0-8D11-00A0C91BC942}") = "025_divider", "025_divider\025_divider.vcxproj", "{D064044C-524D-461D-803F-81DE0B83249D}"
EndProject
Project("{8BC9CEB8-8B4A-11D0-8D11-00A0C91BC942}") = "027_pyramid", "027_pyramid\027_pyramid.vcxproj", "{5497E1EC-F1A9-42DA-A058-8B6B05ADF3B7}"
EndProject
Project("{8BC9CEB8-8B4A-11D0-8D11-00A0C91BC942}") = "028_triangle", "028_triangle\028_triangle.vcxproj", "{06A742D8-532D-4BD0-B87B-3DA6365498E3}"
EndProject
Project("{8BC9CEB8-8B4A-11D0-8D11-00A0C91BC942}") = "029_array", "029_array\029_array.vcxproj", "{46133659-090A-4D3C-BAE8-E579F3B7131D}"
EndProject
Project("{8BC9CEB8-8B4A-11D0-8D11-00A0C91BC942}") = "030_secondMax", "030_secondMax\030_secondMax.vcxproj", "{DA327F1F-DA9D-4D6A-9873-6AA3657F5DFA}"
EndProject
Project("{8BC9CEB8-8B4A-11D0-8D11-00A0C91BC942}") = "032_sring", "032_sring\032_sring.vcxproj", "{1AD62C1E-AC88-4F58-9ABD-D7A4A894FB44}"
EndProject
Project("{8BC9CEB8-8B4A-11D0-8D11-00A0C91BC942}") = "033_strcat", "033_strcat\033_strcat.vcxproj", "{68ECF3BF-8A2F-44E3-8C2B-B30C4715D2F3}"
EndProject
Project("{8BC9CEB8-8B4A-11D0-8D11-00A0C91BC942}") = "044_calc", "044_calc\044_calc.vcxproj", "{D2F97153-7CBC-465E-B0F0-1C7791D63CA4}"
EndProject
Project("{8BC9CEB8-8B4A-11D0-8D11-00A0C91BC942}") = "045_callBy", "045_callBy\045_callBy.vcxproj", "{38C35603-A33C-4D5F-BA4C-9F1FFB19C83E}"
EndProject
Project("{8BC9CEB8-8B4A-11D0-8D11-00A0C91BC942}") = "046_recursive", "046_recursive\046_recursive.vcxproj", "{124035AC-2B24-41D8-BF6B-DF40DF60D26B}"
EndProject
Project("{8BC9CEB8-8B4A-11D0-8D11-00A0C91BC942}") = "047_factorial", "047_factorial\047_factorial.vcxproj", "{30488B35-5627-4E2A-B224-899451C2F850}"
EndProject
Global
	GlobalSection(SolutionConfigurationPlatforms) = preSolution
		Debug|x64 = Debug|x64
		Debug|x86 = Debug|x86
		Release|x64 = Release|x64
		Release|x86 = Release|x86
	EndGlobalSection
	GlobalSection(ProjectConfigurationPlatforms) = postSolution
		{02CCF7B7-9AFE-4150-934D-E817741201CD}.Debug|x64.ActiveCfg = Debug|x64
		{02CCF7B7-9AFE-4150-934D-E817741201CD}.Debug|x64.Build.0 = Debug|x64
		{02CCF7B7-9AFE-4150-934D-E817741201CD}.Debug|x86.ActiveCfg = Debug|Win32
		{02CCF7B7-9AFE-4150-934D-E817741201CD}.Debug|x86.Build.0 = Debug|Win32
		{02CCF7B7-9AFE-4150-934D-E817741201CD}.Release|x64.ActiveCfg = Release|x64
		{02CCF7B7-9AFE-4150-934D-E817741201CD}.Release|x64.Build.0 = Release|x64
		{02CCF7B7-9AFE-4150-934D-E817741201CD}.Release|x86.ActiveCfg = Release|Win32
		{02CCF7B7-9AFE-4150-934D-E817741201CD}.Release|x86.Build.0 = Release|Win32
		{4E302095-2C81-4C78-9664-7C6778CFAF39}.Debug|x64.ActiveCfg = Debug|x64
		{4E302095-2C81-4C78-9664-7C6778CFAF39}.Debug|x64.Build.0 = Debug|x64
		{4E302095-2C81-4C78-9664-7C6778CFAF39}.Debug|x86.ActiveCfg = Debug|Win32
		{4E302095-2C81-4C78-9664-7C6778CFAF39}.Debug|x86.Build.0 = Debug|Win32
		{4E302095-2C81-4C78-9664-7C6778CFAF39}.Release|x64.ActiveCfg = Release|x64
		{4E302095-2C81-4C78-9664-7C6778CFAF39}.Release|x64.Build.0 = Release|x64
		{4E302095-2C81-4C78-9664-7C6778CFAF39}.Release|x86.ActiveCfg = Release|Win32
		{4E302095-2C81-4C78-9664-7C6778CFAF39}.Release|x86.Build.0 = Release|Win32
		{3D7BB2D6-FD6B-4632-8F8C-DE32805D9640}.Debug|x64.ActiveCfg = Debug|x64
		{3D7BB2D6-FD6B-4632-8F8C-DE32805D9640}.Debug|x64.Build.0 = Debug|x64
		{3D7BB2D6-FD6B-4632-8F8C-DE32805D9640}.Debug|x86.ActiveCfg = Debug|Win32
		{3D7BB2D6-FD6B-4632-8F8C-DE32805D9640}.Debug|x86.Build.0 = Debug|Win32
		{3D7BB2D6-FD6B-4632-8F8C-DE32805D9640}.Release|x64.ActiveCfg = Release|x64
		{3D7BB2D6-FD6B-4632-8F8C-DE32805D9640}.Release|x64.Build.0 = Release|x64
		{3D7BB2D6-FD6B-4632-8F8C-DE32805D9640}.Release|x86.ActiveCfg = Release|Win32
		{3D7BB2D6-FD6B-4632-8F8C-DE32805D9640}.Release|x86.Build.0 = Release|Win32
		{96BA9F54-89B4-4B64-9235-DF42F9B23D99}.Debug|x64.ActiveCfg = Debug|x64
		{96BA9F54-89B4-4B64-9235-DF42F9B23D99}.Debug|x64.Build.0 = Debug|x64
		{96BA9F54-89B4-4B64-9235-DF42F9B23D99}.Debug|x86.ActiveCfg = Debug|Win32
		{96BA9F54-89B4-4B64-9235-DF42F9B23D99}.Debug|x86.Build.0 = Debug|Win32
		{96BA9F54-89B4-4B64-9235-DF42F9B23D99}.Release|x64.ActiveCfg = Release|x64
		{96BA9F54-89B4-4B64-9235-DF42F9B23D99}.Release|x64.Build.0 = Release|x64
		{96BA9F54-89B4-4B64-9235-DF42F9B23D99}.Release|x86.ActiveCfg = Release|Win32
		{96BA9F54-89B4-4B64-9235-DF42F9B23D99}.Release|x86.Build.0 = Release|Win32
		{F73C2377-FA1F-4CC7-AEBA-B2AA10F478FB}.Debug|x64.ActiveCfg = Debug|x64
		{F73C2377-FA1F-4CC7-AEBA-B2AA10F478FB}.Debug|x64.Build.0 = Debug|x64
		{F73C2377-FA1F-4CC7-AEBA-B2AA10F478FB}.Debug|x86.ActiveCfg = Debug|Win32
		{F73C2377-FA1F-4CC7-AEBA-B2AA10F478FB}.Debug|x86.Build.0 = Debug|Win32
		{F73C2377-FA1F-4CC7-AEBA-B2AA10F478FB}.Release|x64.ActiveCfg = Release|x64
		{F73C2377-FA1F-4CC7-AEBA-B2AA10F478FB}.Release|x64.Build.0 = Release|x64
		{F73C2377-FA1F-4CC7-AEBA-B2AA10F478FB}.Release|x86.ActiveCfg = Release|Win32
		{F73C2377-FA1F-4CC7-AEBA-B2AA10F478FB}.Release|x86.Build.0 = Release|Win32
		{27CA22DE-A4A6-4D09-8348-ACAD85840454}.Debug|x64.ActiveCfg = Debug|x64
		{27CA22DE-A4A6-4D09-8348-ACAD85840454}.Debug|x64.Build.0 = Debug|x64
		{27CA22DE-A4A6-4D09-8348-ACAD85840454}.Debug|x86.ActiveCfg = Debug|Win32
		{27CA22DE-A4A6-4D09-8348-ACAD85840454}.Debug|x86.Build.0 = Debug|Win32
		{27CA22DE-A4A6-4D09-8348-ACAD85840454}.Release|x64.ActiveCfg = Release|x64
		{27CA22DE-A4A6-4D09-8348-ACAD85840454}.Release|x64.Build.0 = Release|x64
		{27CA22DE-A4A6-4D09-8348-ACAD85840454}.Release|x86.ActiveCfg = Release|Win32
		{27CA22DE-A4A6-4D09-8348-ACAD85840454}.Release|x86.Build.0 = Release|Win32
		{B61265F3-6414-4AA8-9D7E-EE386F48DBE9}.Debug|x64.ActiveCfg = Debug|x64
		{B61265F3-6414-4AA8-9D7E-EE386F48DBE9}.Debug|x64.Build.0 = Debug|x64
		{B61265F3-6414-4AA8-9D7E-EE386F48DBE9}.Debug|x86.ActiveCfg = Debug|Win32
		{B61265F3-6414-4AA8-9D7E-EE386F48DBE9}.Debug|x86.Build.0 = Debug|Win32
		{B61265F3-6414-4AA8-9D7E-EE386F48DBE9}.Release|x64.ActiveCfg = Release|x64
		{B61265F3-6414-4AA8-9D7E-EE386F48DBE9}.Release|x64.Build.0 = Release|x64
		{B61265F3-6414-4AA8-9D7E-EE386F48DBE9}.Release|x86.ActiveCfg = Release|Win32
		{B61265F3-6414-4AA8-9D7E-EE386F48DBE9}.Release|x86.Build.0 = Release|Win32
		{9C670D61-E611-462E-A79D-3E7E4E83937F}.Debug|x64.ActiveCfg = Debug|x64
		{9C670D61-E611-462E-A79D-3E7E4E83937F}.Debug|x64.Build.0 = Debug|x64
		{9C670D61-E611-462E-A79D-3E7E4E83937F}.Debug|x86.ActiveCfg = Debug|Win32
		{9C670D61-E611-462E-A79D-3E7E4E83937F}.Debug|x86.Build.0 = Debug|Win32
		{9C670D61-E611-462E-A79D-3E7E4E83937F}.Release|x64.ActiveCfg = Release|x64
		{9C670D61-E611-462E-A79D-3E7E4E83937F}.Release|x64.Build.0 = Release|x64
		{9C670D61-E611-462E-A79D-3E7E4E83937F}.Release|x86.ActiveCfg = Release|Win32
		{9C670D61-E611-462E-A79D-3E7E4E83937F}.Release|x86.Build.0 = Release|Win32
		{7C661E5F-FE90-4CED-8406-704F1DA2164D}.Debug|x64.ActiveCfg = Debug|x64
		{7C661E5F-FE90-4CED-8406-704F1DA2164D}.Debug|x64.Build.0 = Debug|x64
		{7C661E5F-FE90-4CED-8406-704F1DA2164D}.Debug|x86.ActiveCfg = Debug|Win32
		{7C661E5F-FE90-4CED-8406-704F1DA2164D}.Debug|x86.Build.0 = Debug|Win32
		{7C661E5F-FE90-4CED-8406-704F1DA2164D}.Release|x64.ActiveCfg = Release|x64
		{7C661E5F-FE90-4CED-8406-704F1DA2164D}.Release|x64.Build.0 = Release|x64
		{7C661E5F-FE90-4CED-8406-704F1DA2164D}.Release|x86.ActiveCfg = Release|Win32
		{7C661E5F-FE90-4CED-8406-704F1DA2164D}.Release|x86.Build.0 = Release|Win32
		{D5E15578-D3D9-4AEA-B82B-5D1BB3911A12}.Debug|x64.ActiveCfg = Debug|x64
		{D5E15578-D3D9-4AEA-B82B-5D1BB3911A12}.Debug|x64.Build.0 = Debug|x64
		{D5E15578-D3D9-4AEA-B82B-5D1BB3911A12}.Debug|x86.ActiveCfg = Debug|Win32
		{D5E15578-D3D9-4AEA-B82B-5D1BB3911A12}.Debug|x86.Build.0 = Debug|Win32
		{D5E15578-D3D9-4AEA-B82B-5D1BB3911A12}.Release|x64.ActiveCfg = Release|x64
		{D5E15578-D3D9-4AEA-B82B-5D1BB3911A12}.Release|x64.Build.0 = Release|x64
		{D5E15578-D3D9-4AEA-B82B-5D1BB3911A12}.Release|x86.ActiveCfg = Release|Win32
		{D5E15578-D3D9-4AEA-B82B-5D1BB3911A12}.Release|x86.Build.0 = Release|Win32
		{51503E8A-4B6E-4761-B3DB-63E7D9BA9F2E}.Debug|x64.ActiveCfg = Debug|x64
		{51503E8A-4B6E-4761-B3DB-63E7D9BA9F2E}.Debug|x64.Build.0 = Debug|x64
		{51503E8A-4B6E-4761-B3DB-63E7D9BA9F2E}.Debug|x86.ActiveCfg = Debug|Win32
		{51503E8A-4B6E-4761-B3DB-63E7D9BA9F2E}.Debug|x86.Build.0 = Debug|Win32
		{51503E8A-4B6E-4761-B3DB-63E7D9BA9F2E}.Release|x64.ActiveCfg = Release|x64
		{51503E8A-4B6E-4761-B3DB-63E7D9BA9F2E}.Release|x64.Build.0 = Release|x64
		{51503E8A-4B6E-4761-B3DB-63E7D9BA9F2E}.Release|x86.ActiveCfg = Release|Win32
		{51503E8A-4B6E-4761-B3DB-63E7D9BA9F2E}.Release|x86.Build.0 = Release|Win32
		{175BCE37-2CD6-4C10-8A66-F2BAACA851A2}.Debug|x64.ActiveCfg = Debug|x64
		{175BCE37-2CD6-4C10-8A66-F2BAACA851A2}.Debug|x64.Build.0 = Debug|x64
		{175BCE37-2CD6-4C10-8A66-F2BAACA851A2}.Debug|x86.ActiveCfg = Debug|Win32
		{175BCE37-2CD6-4C10-8A66-F2BAACA851A2}.Debug|x86.Build.0 = Debug|Win32
		{175BCE37-2CD6-4C10-8A66-F2BAACA851A2}.Release|x64.ActiveCfg = Release|x64
		{175BCE37-2CD6-4C10-8A66-F2BAACA851A2}.Release|x64.Build.0 = Release|x64
		{175BCE37-2CD6-4C10-8A66-F2BAACA851A2}.Release|x86.ActiveCfg = Release|Win32
		{175BCE37-2CD6-4C10-8A66-F2BAACA851A2}.Release|x86.Build.0 = Release|Win32
		{6C918C84-9DD9-4E35-B1EE-7A68A9016B7C}.Debug|x64.ActiveCfg = Debug|x64
		{6C918C84-9DD9-4E35-B1EE-7A68A9016B7C}.Debug|x64.Build.0 = Debug|x64
		{6C918C84-9DD9-4E35-B1EE-7A68A9016B7C}.Debug|x86.ActiveCfg = Debug|Win32
		{6C918C84-9DD9-4E35-B1EE-7A68A9016B7C}.Debug|x86.Build.0 = Debug|Win32
		{6C918C84-9DD9-4E35-B1EE-7A68A9016B7C}.Release|x64.ActiveCfg = Release|x64
		{6C918C84-9DD9-4E35-B1EE-7A68A9016B7C}.Release|x64.Build.0 = Release|x64
		{6C918C84-9DD9-4E35-B1EE-7A68A9016B7C}.Release|x86.ActiveCfg = Release|Win32
		{6C918C84-9DD9-4E35-B1EE-7A68A9016B7C}.Release|x86.Build.0 = Release|Win32
		{FEB1F9C1-0783-47D4-94C7-1A70B8BD7652}.Debug|x64.ActiveCfg = Debug|x64
		{FEB1F9C1-0783-47D4-94C7-1A70B8BD7652}.Debug|x64.Build.0 = Debug|x64
		{FEB1F9C1-0783-47D4-94C7-1A70B8BD7652}.Debug|x86.ActiveCfg = Debug|Win32
		{FEB1F9C1-0783-47D4-94C7-1A70B8BD7652}.Debug|x86.Build.0 = Debug|Win32
		{FEB1F9C1-0783-47D4-94C7-1A70B8BD7652}.Release|x64.ActiveCfg = Release|x64
		{FEB1F9C1-0783-47D4-94C7-1A70B8BD7652}.Release|x64.Build.0 = Release|x64
		{FEB1F9C1-0783-47D4-94C7-1A70B8BD7652}.Release|x86.ActiveCfg = Release|Win32
		{FEB1F9C1-0783-47D4-94C7-1A70B8BD7652}.Release|x86.Build.0 = Release|Win32
		{9F783DFA-0A51-4A7A-A097-50B821D5DB23}.Debug|x64.ActiveCfg = Debug|x64
		{9F783DFA-0A51-4A7A-A097-50B821D5DB23}.Debug|x64.Build.0 = Debug|x64
		{9F783DFA-0A51-4A7A-A097-50B821D5DB23}.Debug|x86.ActiveCfg = Debug|Win32
		{9F783DFA-0A51-4A7A-A097-50B821D5DB23}.Debug|x86.Build.0 = Debug|Win32
		{9F783DFA-0A51-4A7A-A097-50B821D5DB23}.Release|x64.ActiveCfg = Release|x64
		{9F783DFA-0A51-4A7A-A097-50B821D5DB23}.Release|x64.Build.0 = Release|x64
		{9F783DFA-0A51-4A7A-A097-50B821D5DB23}.Release|x86.ActiveCfg = Release|Win32
		{9F783DFA-0A51-4A7A-A097-50B821D5DB23}.Release|x86.Build.0 = Release|Win32
		{A789B9AA-C58E-45AA-BAB8-02C679319BE9}.Debug|x64.ActiveCfg = Debug|x64
		{A789B9AA-C58E-45AA-BAB8-02C679319BE9}.Debug|x64.Build.0 = Debug|x64
		{A789B9AA-C58E-45AA-BAB8-02C679319BE9}.Debug|x86.ActiveCfg = Debug|Win32
		{A789B9AA-C58E-45AA-BAB8-02C679319BE9}.Debug|x86.Build.0 = Debug|Win32
		{A789B9AA-C58E-45AA-BAB8-02C679319BE9}.Release|x64.ActiveCfg = Release|x64
		{A789B9AA-C58E-45AA-BAB8-02C679319BE9}.Release|x64.Build.0 = Release|x64
		{A789B9AA-C58E-45AA-BAB8-02C679319BE9}.Release|x86.ActiveCfg = Release|Win32
		{A789B9AA-C58E-45AA-BAB8-02C679319BE9}.Release|x86.Build.0 = Release|Win32
		{09C63F07-EF20-47E1-9BBB-3A12C4D87503}.Debug|x64.ActiveCfg = Debug|x64
		{09C63F07-EF20-47E1-9BBB-3A12C4D87503}.Debug|x64.Build.0 = Debug|x64
		{09C63F07-EF20-47E1-9BBB-3A12C4D87503}.Debug|x86.ActiveCfg = Debug|Win32
		{09C63F07-EF20-47E1-9BBB-3A12C4D87503}.Debug|x86.Build.0 = Debug|Win32
		{09C63F07-EF20-47E1-9BBB-3A12C4D87503}.Release|x64.ActiveCfg = Release|x64
		{09C63F07-EF20-47E1-9BBB-3A12C4D87503}.Release|x64.Build.0 = Release|x64
		{09C63F07-EF20-47E1-9BBB-3A12C4D87503}.Release|x86.ActiveCfg = Release|Win32
		{09C63F07-EF20-47E1-9BBB-3A12C4D87503}.Release|x86.Build.0 = Release|Win32
		{5586C412-6FA2-4ADF-8680-D6DBC909EE85}.Debug|x64.ActiveCfg = Debug|x64
		{5586C412-6FA2-4ADF-8680-D6DBC909EE85}.Debug|x64.Build.0 = Debug|x64
		{5586C412-6FA2-4ADF-8680-D6DBC909EE85}.Debug|x86.ActiveCfg = Debug|Win32
		{5586C412-6FA2-4ADF-8680-D6DBC909EE85}.Debug|x86.Build.0 = Debug|Win32
		{5586C412-6FA2-4ADF-8680-D6DBC909EE85}.Release|x64.ActiveCfg = Release|x64
		{5586C412-6FA2-4ADF-8680-D6DBC909EE85}.Release|x64.Build.0 = Release|x64
		{5586C412-6FA2-4ADF-8680-D6DBC909EE85}.Release|x86.ActiveCfg = Release|Win32
		{5586C412-6FA2-4ADF-8680-D6DBC909EE85}.Release|x86.Build.0 = Release|Win32
		{CF570AB8-F026-4107-AFA1-C5229060D69C}.Debug|x64.ActiveCfg = Debug|x64
		{CF570AB8-F026-4107-AFA1-C5229060D69C}.Debug|x64.Build.0 = Debug|x64
		{CF570AB8-F026-4107-AFA1-C5229060D69C}.Debug|x86.ActiveCfg = Debug|Win32
		{CF570AB8-F026-4107-AFA1-C5229060D69C}.Debug|x86.Build.0 = Debug|Win32
		{CF570AB8-F026-4107-AFA1-C5229060D69C}.Release|x64.ActiveCfg = Release|x64
		{CF570AB8-F026-4107-AFA1-C5229060D69C}.Release|x64.Build.0 = Release|x64
		{CF570AB8-F026-4107-AFA1-C5229060D69C}.Release|x86.ActiveCfg = Release|Win32
		{CF570AB8-F026-4107-AFA1-C5229060D69C}.Release|x86.Build.0 = Release|Win32
		{C6EE7A82-498A-4C41-B1E9-537DCE34263F}.Debug|x64.ActiveCfg = Debug|x64
		{C6EE7A82-498A-4C41-B1E9-537DCE34263F}.Debug|x64.Build.0 = Debug|x64
		{C6EE7A82-498A-4C41-B1E9-537DCE34263F}.Debug|x86.ActiveCfg = Debug|Win32
		{C6EE7A82-498A-4C41-B1E9-537DCE34263F}.Debug|x86.Build.0 = Debug|Win32
		{C6EE7A82-498A-4C41-B1E9-537DCE34263F}.Release|x64.ActiveCfg = Release|x64
		{C6EE7A82-498A-4C41-B1E9-537DCE34263F}.Release|x64.Build.0 = Release|x64
		{C6EE7A82-498A-4C41-B1E9-537DCE34263F}.Release|x86.ActiveCfg = Release|Win32
		{C6EE7A82-498A-4C41-B1E9-537DCE34263F}.Release|x86.Build.0 = Release|Win32
		{D064044C-524D-461D-803F-81DE0B83249D}.Debug|x64.ActiveCfg = Debug|x64
		{D064044C-524D-461D-803F-81DE0B83249D}.Debug|x64.Build.0 = Debug|x64
		{D064044C-524D-461D-803F-81DE0B83249D}.Debug|x86.ActiveCfg = Debug|Win32
		{D064044C-524D-461D-803F-81DE0B83249D}.Debug|x86.Build.0 = Debug|Win32
		{D064044C-524D-461D-803F-81DE0B83249D}.Release|x64.ActiveCfg = Release|x64
		{D064044C-524D-461D-803F-81DE0B83249D}.Release|x64.Build.0 = Release|x64
		{D064044C-524D-461D-803F-81DE0B83249D}.Release|x86.ActiveCfg = Release|Win32
		{D064044C-524D-461D-803F-81DE0B83249D}.Release|x86.Build.0 = Release|Win32
		{5497E1EC-F1A9-42DA-A058-8B6B05ADF3B7}.Debug|x64.ActiveCfg = Debug|x64
		{5497E1EC-F1A9-42DA-A058-8B6B05ADF3B7}.Debug|x64.Build.0 = Debug|x64
		{5497E1EC-F1A9-42DA-A058-8B6B05ADF3B7}.Debug|x86.ActiveCfg = Debug|Win32
		{5497E1EC-F1A9-42DA-A058-8B6B05ADF3B7}.Debug|x86.Build.0 = Debug|Win32
		{5497E1EC-F1A9-42DA-A058-8B6B05ADF3B7}.Release|x64.ActiveCfg = Release|x64
		{5497E1EC-F1A9-42DA-A058-8B6B05ADF3B7}.Release|x64.Build.0 = Release|x64
		{5497E1EC-F1A9-42DA-A058-8B6B05ADF3B7}.Release|x86.ActiveCfg = Release|Win32
		{5497E1EC-F1A9-42DA-A058-8B6B05ADF3B7}.Release|x86.Build.0 = Release|Win32
		{06A742D8-532D-4BD0-B87B-3DA6365498E3}.Debug|x64.ActiveCfg = Debug|x64
		{06A742D8-532D-4BD0-B87B-3DA6365498E3}.Debug|x64.Build.0 = Debug|x64
		{06A742D8-532D-4BD0-B87B-3DA6365498E3}.Debug|x86.ActiveCfg = Debug|Win32
		{06A742D8-532D-4BD0-B87B-3DA6365498E3}.Debug|x86.Build.0 = Debug|Win32
		{06A742D8-532D-4BD0-B87B-3DA6365498E3}.Release|x64.ActiveCfg = Release|x64
		{06A742D8-532D-4BD0-B87B-3DA6365498E3}.Release|x64.Build.0 = Release|x64
		{06A742D8-532D-4BD0-B87B-3DA6365498E3}.Release|x86.ActiveCfg = Release|Win32
		{06A742D8-532D-4BD0-B87B-3DA6365498E3}.Release|x86.Build.0 = Release|Win32
		{46133659-090A-4D3C-BAE8-E579F3B7131D}.Debug|x64.ActiveCfg = Debug|x64
		{46133659-090A-4D3C-BAE8-E579F3B7131D}.Debug|x64.Build.0 = Debug|x64
		{46133659-090A-4D3C-BAE8-E579F3B7131D}.Debug|x86.ActiveCfg = Debug|Win32
		{46133659-090A-4D3C-BAE8-E579F3B7131D}.Debug|x86.Build.0 = Debug|Win32
		{46133659-090A-4D3C-BAE8-E579F3B7131D}.Release|x64.ActiveCfg = Release|x64
		{46133659-090A-4D3C-BAE8-E579F3B7131D}.Release|x64.Build.0 = Release|x64
		{46133659-090A-4D3C-BAE8-E579F3B7131D}.Release|x86.ActiveCfg = Release|Win32
		{46133659-090A-4D3C-BAE8-E579F3B7131D}.Release|x86.Build.0 = Release|Win32
		{DA327F1F-DA9D-4D6A-9873-6AA3657F5DFA}.Debug|x64.ActiveCfg = Debug|x64
		{DA327F1F-DA9D-4D6A-9873-6AA3657F5DFA}.Debug|x64.Build.0 = Debug|x64
		{DA327F1F-DA9D-4D6A-9873-6AA3657F5DFA}.Debug|x86.ActiveCfg = Debug|Win32
		{DA327F1F-DA9D-4D6A-9873-6AA3657F5DFA}.Debug|x86.Build.0 = Debug|Win32
		{DA327F1F-DA9D-4D6A-9873-6AA3657F5DFA}.Release|x64.ActiveCfg = Release|x64
		{DA327F1F-DA9D-4D6A-9873-6AA3657F5DFA}.Release|x64.Build.0 = Release|x64
		{DA327F1F-DA9D-4D6A-9873-6AA3657F5DFA}.Release|x86.ActiveCfg = Release|Win32
		{DA327F1F-DA9D-4D6A-9873-6AA3657F5DFA}.Release|x86.Build.0 = Release|Win32
		{1AD62C1E-AC88-4F58-9ABD-D7A4A894FB44}.Debug|x64.ActiveCfg = Debug|x64
		{1AD62C1E-AC88-4F58-9ABD-D7A4A894FB44}.Debug|x64.Build.0 = Debug|x64
		{1AD62C1E-AC88-4F58-9ABD-D7A4A894FB44}.Debug|x86.ActiveCfg = Debug|Win32
		{1AD62C1E-AC88-4F58-9ABD-D7A4A894FB44}.Debug|x86.Build.0 = Debug|Win32
		{1AD62C1E-AC88-4F58-9ABD-D7A4A894FB44}.Release|x64.ActiveCfg = Release|x64
		{1AD62C1E-AC88-4F58-9ABD-D7A4A894FB44}.Release|x64.Build.0 = Release|x64
		{1AD62C1E-AC88-4F58-9ABD-D7A4A894FB44}.Release|x86.ActiveCfg = Release|Win32
		{1AD62C1E-AC88-4F58-9ABD-D7A4A894FB44}.Release|x86.Build.0 = Release|Win32
		{68ECF3BF-8A2F-44E3-8C2B-B30C4715D2F3}.Debug|x64.ActiveCfg = Debug|x64
		{68ECF3BF-8A2F-44E3-8C2B-B30C4715D2F3}.Debug|x64.Build.0 = Debug|x64
		{68ECF3BF-8A2F-44E3-8C2B-B30C4715D2F3}.Debug|x86.ActiveCfg = Debug|Win32
		{68ECF3BF-8A2F-44E3-8C2B-B30C4715D2F3}.Debug|x86.Build.0 = Debug|Win32
		{68ECF3BF-8A2F-44E3-8C2B-B30C4715D2F3}.Release|x64.ActiveCfg = Release|x64
		{68ECF3BF-8A2F-44E3-8C2B-B30C4715D2F3}.Release|x64.Build.0 = Release|x64
		{68ECF3BF-8A2F-44E3-8C2B-B30C4715D2F3}.Release|x86.ActiveCfg = Release|Win32
		{68ECF3BF-8A2F-44E3-8C2B-B30C4715D2F3}.Release|x86.Build.0 = Release|Win32
		{D2F97153-7CBC-465E-B0F0-1C7791D63CA4}.Debug|x64.ActiveCfg = Debug|x64
		{D2F97153-7CBC-465E-B0F0-1C7791D63CA4}.Debug|x64.Build.0 = Debug|x64
		{D2F97153-7CBC-465E-B0F0-1C7791D63CA4}.Debug|x86.ActiveCfg = Debug|Win32
		{D2F97153-7CBC-465E-B0F0-1C7791D63CA4}.Debug|x86.Build.0 = Debug|Win32
		{D2F97153-7CBC-465E-B0F0-1C7791D63CA4}.Release|x64.ActiveCfg = Release|x64
		{D2F97153-7CBC-465E-B0F0-1C7791D63CA4}.Release|x64.Build.0 = Release|x64
		{D2F97153-7CBC-465E-B0F0-1C7791D63CA4}.Release|x86.ActiveCfg = Release|Win32
		{D2F97153-7CBC-465E-B0F0-1C7791D63CA4}.Release|x86.Build.0 = Release|Win32
		{38C35603-A33C-4D5F-BA4C-9F1FFB19C83E}.Debug|x64.ActiveCfg = Debug|x64
		{38C35603-A33C-4D5F-BA4C-9F1FFB19C83E}.Debug|x64.Build.0 = Debug|x64
		{38C35603-A33C-4D5F-BA4C-9F1FFB19C83E}.Debug|x86.ActiveCfg = Debug|Win32
		{38C35603-A33C-4D5F-BA4C-9F1FFB19C83E}.Debug|x86.Build.0 = Debug|Win32
		{38C35603-A33C-4D5F-BA4C-9F1FFB19C83E}.Release|x64.ActiveCfg = Release|x64
		{38C35603-A33C-4D5F-BA4C-9F1FFB19C83E}.Release|x64.Build.0 = Release|x64
		{38C35603-A33C-4D5F-BA4C-9F1FFB19C83E}.Release|x86.ActiveCfg = Release|Win32
		{38C35603-A33C-4D5F-BA4C-9F1FFB19C83E}.Release|x86.Build.0 = Release|Win32
		{124035AC-2B24-41D8-BF6B-DF40DF60D26B}.Debug|x64.ActiveCfg = Debug|x64
		{124035AC-2B24-41D8-BF6B-DF40DF60D26B}.Debug|x64.Build.0 = Debug|x64
		{124035AC-2B24-41D8-BF6B-DF40DF60D26B}.Debug|x86.ActiveCfg = Debug|Win32
		{124035AC-2B24-41D8-BF6B-DF40DF60D26B}.Debug|x86.Build.0 = Debug|Win32
		{124035AC-2B24-41D8-BF6B-DF40DF60D26B}.Release|x64.ActiveCfg = Release|x64
		{124035AC-2B24-41D8-BF6B-DF40DF60D26B}.Release|x64.Build.0 = Release|x64
		{124035AC-2B24-41D8-BF6B-DF40DF60D26B}.Release|x86.ActiveCfg = Release|Win32
		{124035AC-2B24-41D8-BF6B-DF40DF60D26B}.Release|x86.Build.0 = Release|Win32
		{30488B35-5627-4E2A-B224-899451C2F850}.Debug|x64.ActiveCfg = Debug|x64
		{30488B35-5627-4E2A-B224-899451C2F850}.Debug|x64.Build.0 = Debug|x64
		{30488B35-5627-4E2A-B224-899451C2F850}.Debug|x86.ActiveCfg = Debug|Win32
		{30488B35-5627-4E2A-B224-899451C2F850}.Debug|x86.Build.0 = Debug|Win32
		{30488B35-5627-4E2A-B224-899451C2F850}.Release|x64.ActiveCfg = Release|x64
		{30488B35-5627-4E2A-B224-899451C2F850}.Release|x64.Build.0 = Release|x64
		{30488B35-5627-4E2A-B224-899451C2F850}.Release|x86.ActiveCfg = Release|Win32
		{30488B35-5627-4E2A-B224-899451C2F850}.Release|x86.Build.0 = Release|Win32
	EndGlobalSection
	GlobalSection(SolutionProperties) = preSolution
		HideSolutionNode = FALSE
	EndGlobalSection
	GlobalSection(ExtensibilityGlobals) = postSolution
		SolutionGuid = {D89A2C9A-CE74-4FB1-8451-256DC4E913B4}
	EndGlobalSection
EndGlobal
