
Microsoft Visual Studio Solution File, Format Version 12.00
# Visual Studio Version 17
VisualStudioVersion = 17.11.35222.181
MinimumVisualStudioVersion = 10.0.40219.1
Project("{8BC9CEB8-8B4A-11D0-8D11-00A0C91BC942}") = "001_format", "001_format\001_format.vcxproj", "{8920A9FE-CCB3-4078-A330-A24646C1F780}"
EndProject
Project("{8BC9CEB8-8B4A-11D0-8D11-00A0C91BC942}") = "002_variable", "002_variable\002_variable.vcxproj", "{771C63AF-4C68-4FD7-ADBE-67224960CAC6}"
EndProject
Project("{8BC9CEB8-8B4A-11D0-8D11-00A0C91BC942}") = "003_baseNumber", "003_baseNumber\003_baseNumber.vcxproj", "{259C36D4-5675-48B5-A52A-23E4AA4709BC}"
EndProject
Project("{8BC9CEB8-8B4A-11D0-8D11-00A0C91BC942}") = "006_temperature", "006_temperature\006_temperature.vcxproj", "{1AC993FD-2442-44E2-A628-6E2B8983C440}"
EndProject
Project("{8BC9CEB8-8B4A-11D0-8D11-00A0C91BC942}") = "007_bmi", "007_bmi\007_bmi.vcxproj", "{22BA12D9-E8CF-451E-ABC9-8967BC4E392D}"
EndProject
Project("{8BC9CEB8-8B4A-11D0-8D11-00A0C91BC942}") = "008_ declare", "008_ declare\008_ declare.vcxproj", "{05FD5B00-B28B-49F0-9C45-6708DC31AD4A}"
EndProject
Project("{8BC9CEB8-8B4A-11D0-8D11-00A0C91BC942}") = "009_ sizeof", "009_ sizeof\009_ sizeof.vcxproj", "{0269641E-BFCD-4986-98E9-C5FB01396FC2}"
EndProject
Project("{8BC9CEB8-8B4A-11D0-8D11-00A0C91BC942}") = "010_Relational operator", "010_Relational operator\010_Relational operator.vcxproj", "{3A6B94E9-3661-41B3-93E7-444C88549DF1}"
EndProject
Project("{8BC9CEB8-8B4A-11D0-8D11-00A0C91BC942}") = "011_logic", "011_logic\011_logic.vcxproj", "{DA4DF9BC-A661-41DD-9AE8-90A810E29FD6}"
EndProject
Project("{8BC9CEB8-8B4A-11D0-8D11-00A0C91BC942}") = "012_digit", "012_digit\012_digit.vcxproj", "{ABA8D021-E75C-46C0-BD16-8E2E914BD596}"
EndProject
Project("{8BC9CEB8-8B4A-11D0-8D11-00A0C91BC942}") = "013_ score", "013_ score\013_ score.vcxproj", "{B10E611B-8C85-44ED-8A45-EC9FD51986AC}"
EndProject
Project("{8BC9CEB8-8B4A-11D0-8D11-00A0C91BC942}") = "004_variable", "004_variable\004_variable.vcxproj", "{DDB2CE3C-7E38-4FB0-8E41-2DC7A0A4F13F}"
EndProject
Project("{8BC9CEB8-8B4A-11D0-8D11-00A0C91BC942}") = "005_ attendence", "005_ attendence\005_ attendence.vcxproj", "{6DC0E2CE-7779-4154-B201-E240D0F6EFE7}"
EndProject
Project("{8BC9CEB8-8B4A-11D0-8D11-00A0C91BC942}") = "015_ name", "015_ name\015_ name.vcxproj", "{B8376AED-C9DE-48F7-8D75-BAF6CE16A6BE}"
EndProject
Global
	GlobalSection(SolutionConfigurationPlatforms) = preSolution
		Debug|x64 = Debug|x64
		Debug|x86 = Debug|x86
		Release|x64 = Release|x64
		Release|x86 = Release|x86
	EndGlobalSection
	GlobalSection(ProjectConfigurationPlatforms) = postSolution
		{8920A9FE-CCB3-4078-A330-A24646C1F780}.Debug|x64.ActiveCfg = Debug|x64
		{8920A9FE-CCB3-4078-A330-A24646C1F780}.Debug|x64.Build.0 = Debug|x64
		{8920A9FE-CCB3-4078-A330-A24646C1F780}.Debug|x86.ActiveCfg = Debug|Win32
		{8920A9FE-CCB3-4078-A330-A24646C1F780}.Debug|x86.Build.0 = Debug|Win32
		{8920A9FE-CCB3-4078-A330-A24646C1F780}.Release|x64.ActiveCfg = Release|x64
		{8920A9FE-CCB3-4078-A330-A24646C1F780}.Release|x64.Build.0 = Release|x64
		{8920A9FE-CCB3-4078-A330-A24646C1F780}.Release|x86.ActiveCfg = Release|Win32
		{8920A9FE-CCB3-4078-A330-A24646C1F780}.Release|x86.Build.0 = Release|Win32
		{771C63AF-4C68-4FD7-ADBE-67224960CAC6}.Debug|x64.ActiveCfg = Debug|x64
		{771C63AF-4C68-4FD7-ADBE-67224960CAC6}.Debug|x64.Build.0 = Debug|x64
		{771C63AF-4C68-4FD7-ADBE-67224960CAC6}.Debug|x86.ActiveCfg = Debug|Win32
		{771C63AF-4C68-4FD7-ADBE-67224960CAC6}.Debug|x86.Build.0 = Debug|Win32
		{771C63AF-4C68-4FD7-ADBE-67224960CAC6}.Release|x64.ActiveCfg = Release|x64
		{771C63AF-4C68-4FD7-ADBE-67224960CAC6}.Release|x64.Build.0 = Release|x64
		{771C63AF-4C68-4FD7-ADBE-67224960CAC6}.Release|x86.ActiveCfg = Release|Win32
		{771C63AF-4C68-4FD7-ADBE-67224960CAC6}.Release|x86.Build.0 = Release|Win32
		{259C36D4-5675-48B5-A52A-23E4AA4709BC}.Debug|x64.ActiveCfg = Debug|x64
		{259C36D4-5675-48B5-A52A-23E4AA4709BC}.Debug|x64.Build.0 = Debug|x64
		{259C36D4-5675-48B5-A52A-23E4AA4709BC}.Debug|x86.ActiveCfg = Debug|Win32
		{259C36D4-5675-48B5-A52A-23E4AA4709BC}.Debug|x86.Build.0 = Debug|Win32
		{259C36D4-5675-48B5-A52A-23E4AA4709BC}.Release|x64.ActiveCfg = Release|x64
		{259C36D4-5675-48B5-A52A-23E4AA4709BC}.Release|x64.Build.0 = Release|x64
		{259C36D4-5675-48B5-A52A-23E4AA4709BC}.Release|x86.ActiveCfg = Release|Win32
		{259C36D4-5675-48B5-A52A-23E4AA4709BC}.Release|x86.Build.0 = Release|Win32
		{1AC993FD-2442-44E2-A628-6E2B8983C440}.Debug|x64.ActiveCfg = Debug|x64
		{1AC993FD-2442-44E2-A628-6E2B8983C440}.Debug|x64.Build.0 = Debug|x64
		{1AC993FD-2442-44E2-A628-6E2B8983C440}.Debug|x86.ActiveCfg = Debug|Win32
		{1AC993FD-2442-44E2-A628-6E2B8983C440}.Debug|x86.Build.0 = Debug|Win32
		{1AC993FD-2442-44E2-A628-6E2B8983C440}.Release|x64.ActiveCfg = Release|x64
		{1AC993FD-2442-44E2-A628-6E2B8983C440}.Release|x64.Build.0 = Release|x64
		{1AC993FD-2442-44E2-A628-6E2B8983C440}.Release|x86.ActiveCfg = Release|Win32
		{1AC993FD-2442-44E2-A628-6E2B8983C440}.Release|x86.Build.0 = Release|Win32
		{22BA12D9-E8CF-451E-ABC9-8967BC4E392D}.Debug|x64.ActiveCfg = Debug|x64
		{22BA12D9-E8CF-451E-ABC9-8967BC4E392D}.Debug|x64.Build.0 = Debug|x64
		{22BA12D9-E8CF-451E-ABC9-8967BC4E392D}.Debug|x86.ActiveCfg = Debug|Win32
		{22BA12D9-E8CF-451E-ABC9-8967BC4E392D}.Debug|x86.Build.0 = Debug|Win32
		{22BA12D9-E8CF-451E-ABC9-8967BC4E392D}.Release|x64.ActiveCfg = Release|x64
		{22BA12D9-E8CF-451E-ABC9-8967BC4E392D}.Release|x64.Build.0 = Release|x64
		{22BA12D9-E8CF-451E-ABC9-8967BC4E392D}.Release|x86.ActiveCfg = Release|Win32
		{22BA12D9-E8CF-451E-ABC9-8967BC4E392D}.Release|x86.Build.0 = Release|Win32
		{05FD5B00-B28B-49F0-9C45-6708DC31AD4A}.Debug|x64.ActiveCfg = Debug|x64
		{05FD5B00-B28B-49F0-9C45-6708DC31AD4A}.Debug|x64.Build.0 = Debug|x64
		{05FD5B00-B28B-49F0-9C45-6708DC31AD4A}.Debug|x86.ActiveCfg = Debug|Win32
		{05FD5B00-B28B-49F0-9C45-6708DC31AD4A}.Debug|x86.Build.0 = Debug|Win32
		{05FD5B00-B28B-49F0-9C45-6708DC31AD4A}.Release|x64.ActiveCfg = Release|x64
		{05FD5B00-B28B-49F0-9C45-6708DC31AD4A}.Release|x64.Build.0 = Release|x64
		{05FD5B00-B28B-49F0-9C45-6708DC31AD4A}.Release|x86.ActiveCfg = Release|Win32
		{05FD5B00-B28B-49F0-9C45-6708DC31AD4A}.Release|x86.Build.0 = Release|Win32
		{0269641E-BFCD-4986-98E9-C5FB01396FC2}.Debug|x64.ActiveCfg = Debug|x64
		{0269641E-BFCD-4986-98E9-C5FB01396FC2}.Debug|x64.Build.0 = Debug|x64
		{0269641E-BFCD-4986-98E9-C5FB01396FC2}.Debug|x86.ActiveCfg = Debug|Win32
		{0269641E-BFCD-4986-98E9-C5FB01396FC2}.Debug|x86.Build.0 = Debug|Win32
		{0269641E-BFCD-4986-98E9-C5FB01396FC2}.Release|x64.ActiveCfg = Release|x64
		{0269641E-BFCD-4986-98E9-C5FB01396FC2}.Release|x64.Build.0 = Release|x64
		{0269641E-BFCD-4986-98E9-C5FB01396FC2}.Release|x86.ActiveCfg = Release|Win32
		{0269641E-BFCD-4986-98E9-C5FB01396FC2}.Release|x86.Build.0 = Release|Win32
		{3A6B94E9-3661-41B3-93E7-444C88549DF1}.Debug|x64.ActiveCfg = Debug|x64
		{3A6B94E9-3661-41B3-93E7-444C88549DF1}.Debug|x64.Build.0 = Debug|x64
		{3A6B94E9-3661-41B3-93E7-444C88549DF1}.Debug|x86.ActiveCfg = Debug|Win32
		{3A6B94E9-3661-41B3-93E7-444C88549DF1}.Debug|x86.Build.0 = Debug|Win32
		{3A6B94E9-3661-41B3-93E7-444C88549DF1}.Release|x64.ActiveCfg = Release|x64
		{3A6B94E9-3661-41B3-93E7-444C88549DF1}.Release|x64.Build.0 = Release|x64
		{3A6B94E9-3661-41B3-93E7-444C88549DF1}.Release|x86.ActiveCfg = Release|Win32
		{3A6B94E9-3661-41B3-93E7-444C88549DF1}.Release|x86.Build.0 = Release|Win32
		{DA4DF9BC-A661-41DD-9AE8-90A810E29FD6}.Debug|x64.ActiveCfg = Debug|x64
		{DA4DF9BC-A661-41DD-9AE8-90A810E29FD6}.Debug|x64.Build.0 = Debug|x64
		{DA4DF9BC-A661-41DD-9AE8-90A810E29FD6}.Debug|x86.ActiveCfg = Debug|Win32
		{DA4DF9BC-A661-41DD-9AE8-90A810E29FD6}.Debug|x86.Build.0 = Debug|Win32
		{DA4DF9BC-A661-41DD-9AE8-90A810E29FD6}.Release|x64.ActiveCfg = Release|x64
		{DA4DF9BC-A661-41DD-9AE8-90A810E29FD6}.Release|x64.Build.0 = Release|x64
		{DA4DF9BC-A661-41DD-9AE8-90A810E29FD6}.Release|x86.ActiveCfg = Release|Win32
		{DA4DF9BC-A661-41DD-9AE8-90A810E29FD6}.Release|x86.Build.0 = Release|Win32
		{ABA8D021-E75C-46C0-BD16-8E2E914BD596}.Debug|x64.ActiveCfg = Debug|x64
		{ABA8D021-E75C-46C0-BD16-8E2E914BD596}.Debug|x64.Build.0 = Debug|x64
		{ABA8D021-E75C-46C0-BD16-8E2E914BD596}.Debug|x86.ActiveCfg = Debug|Win32
		{ABA8D021-E75C-46C0-BD16-8E2E914BD596}.Debug|x86.Build.0 = Debug|Win32
		{ABA8D021-E75C-46C0-BD16-8E2E914BD596}.Release|x64.ActiveCfg = Release|x64
		{ABA8D021-E75C-46C0-BD16-8E2E914BD596}.Release|x64.Build.0 = Release|x64
		{ABA8D021-E75C-46C0-BD16-8E2E914BD596}.Release|x86.ActiveCfg = Release|Win32
		{ABA8D021-E75C-46C0-BD16-8E2E914BD596}.Release|x86.Build.0 = Release|Win32
		{B10E611B-8C85-44ED-8A45-EC9FD51986AC}.Debug|x64.ActiveCfg = Debug|x64
		{B10E611B-8C85-44ED-8A45-EC9FD51986AC}.Debug|x64.Build.0 = Debug|x64
		{B10E611B-8C85-44ED-8A45-EC9FD51986AC}.Debug|x86.ActiveCfg = Debug|Win32
		{B10E611B-8C85-44ED-8A45-EC9FD51986AC}.Debug|x86.Build.0 = Debug|Win32
		{B10E611B-8C85-44ED-8A45-EC9FD51986AC}.Release|x64.ActiveCfg = Release|x64
		{B10E611B-8C85-44ED-8A45-EC9FD51986AC}.Release|x64.Build.0 = Release|x64
		{B10E611B-8C85-44ED-8A45-EC9FD51986AC}.Release|x86.ActiveCfg = Release|Win32
		{B10E611B-8C85-44ED-8A45-EC9FD51986AC}.Release|x86.Build.0 = Release|Win32
		{DDB2CE3C-7E38-4FB0-8E41-2DC7A0A4F13F}.Debug|x64.ActiveCfg = Debug|x64
		{DDB2CE3C-7E38-4FB0-8E41-2DC7A0A4F13F}.Debug|x64.Build.0 = Debug|x64
		{DDB2CE3C-7E38-4FB0-8E41-2DC7A0A4F13F}.Debug|x86.ActiveCfg = Debug|Win32
		{DDB2CE3C-7E38-4FB0-8E41-2DC7A0A4F13F}.Debug|x86.Build.0 = Debug|Win32
		{DDB2CE3C-7E38-4FB0-8E41-2DC7A0A4F13F}.Release|x64.ActiveCfg = Release|x64
		{DDB2CE3C-7E38-4FB0-8E41-2DC7A0A4F13F}.Release|x64.Build.0 = Release|x64
		{DDB2CE3C-7E38-4FB0-8E41-2DC7A0A4F13F}.Release|x86.ActiveCfg = Release|Win32
		{DDB2CE3C-7E38-4FB0-8E41-2DC7A0A4F13F}.Release|x86.Build.0 = Release|Win32
		{6DC0E2CE-7779-4154-B201-E240D0F6EFE7}.Debug|x64.ActiveCfg = Debug|x64
		{6DC0E2CE-7779-4154-B201-E240D0F6EFE7}.Debug|x64.Build.0 = Debug|x64
		{6DC0E2CE-7779-4154-B201-E240D0F6EFE7}.Debug|x86.ActiveCfg = Debug|Win32
		{6DC0E2CE-7779-4154-B201-E240D0F6EFE7}.Debug|x86.Build.0 = Debug|Win32
		{6DC0E2CE-7779-4154-B201-E240D0F6EFE7}.Release|x64.ActiveCfg = Release|x64
		{6DC0E2CE-7779-4154-B201-E240D0F6EFE7}.Release|x64.Build.0 = Release|x64
		{6DC0E2CE-7779-4154-B201-E240D0F6EFE7}.Release|x86.ActiveCfg = Release|Win32
		{6DC0E2CE-7779-4154-B201-E240D0F6EFE7}.Release|x86.Build.0 = Release|Win32
		{B8376AED-C9DE-48F7-8D75-BAF6CE16A6BE}.Debug|x64.ActiveCfg = Debug|x64
		{B8376AED-C9DE-48F7-8D75-BAF6CE16A6BE}.Debug|x64.Build.0 = Debug|x64
		{B8376AED-C9DE-48F7-8D75-BAF6CE16A6BE}.Debug|x86.ActiveCfg = Debug|Win32
		{B8376AED-C9DE-48F7-8D75-BAF6CE16A6BE}.Debug|x86.Build.0 = Debug|Win32
		{B8376AED-C9DE-48F7-8D75-BAF6CE16A6BE}.Release|x64.ActiveCfg = Release|x64
		{B8376AED-C9DE-48F7-8D75-BAF6CE16A6BE}.Release|x64.Build.0 = Release|x64
		{B8376AED-C9DE-48F7-8D75-BAF6CE16A6BE}.Release|x86.ActiveCfg = Release|Win32
		{B8376AED-C9DE-48F7-8D75-BAF6CE16A6BE}.Release|x86.Build.0 = Release|Win32
	EndGlobalSection
	GlobalSection(SolutionProperties) = preSolution
		HideSolutionNode = FALSE
	EndGlobalSection
	GlobalSection(ExtensibilityGlobals) = postSolution
		SolutionGuid = {4DF700BE-BC6A-442C-BF6B-C1B73420EF60}
	EndGlobalSection
EndGlobal
